
Microsoft Visual Studio Solution File, Format Version 12.00
# Visual Studio Version 16
VisualStudioVersion = 16.0.30204.135
MinimumVisualStudioVersion = 10.0.40219.1
Project("{FAE04EC0-301F-11D3-BF4B-00C04F79EFBC}") = "BMI", "BMI\BMI.csproj", "{20E86BB3-0FD4-4941-A95F-DB9DA12C21E4}"
EndProject
Global
	GlobalSection(SolutionConfigurationPlatforms) = preSolution
		Debug|Any CPU = Debug|Any CPU
		Release|Any CPU = Release|Any CPU
	EndGlobalSection
	GlobalSection(ProjectConfigurationPlatforms) = postSolution
		{20E86BB3-0FD4-4941-A95F-DB9DA12C21E4}.Debug|Any CPU.ActiveCfg = Debug|Any CPU
		{20E86BB3-0FD4-4941-A95F-DB9DA12C21E4}.Debug|Any CPU.Build.0 = Debug|Any CPU
		{20E86BB3-0FD4-4941-A95F-DB9DA12C21E4}.Release|Any CPU.ActiveCfg = Release|Any CPU
		{20E86BB3-0FD4-4941-A95F-DB9DA12C21E4}.Release|Any CPU.Build.0 = Release|Any CPU
	EndGlobalSection
	GlobalSection(SolutionProperties) = preSolution
		HideSolutionNode = FALSE
	EndGlobalSection
	GlobalSection(ExtensibilityGlobals) = postSolution
		SolutionGuid = {C5606188-9041-4CF0-B700-3BC5FE699A11}
	EndGlobalSection
EndGlobal
